
Microsoft Visual Studio Solution File, Format Version 12.00
# Visual Studio Version 17
VisualStudioVersion = 17.8.34511.84
MinimumVisualStudioVersion = 10.0.40219.1
Project("{FAE04EC0-301F-11D3-BF4B-00C04F79EFBC}") = "TicketApi", "TicketApi.csproj", "{E347A91D-ED0E-4AFF-8980-EA75A4740A54}"
EndProject
Global
	GlobalSection(SolutionConfigurationPlatforms) = preSolution
		Debug|Any CPU = Debug|Any CPU
		Release|Any CPU = Release|Any CPU
	EndGlobalSection
	GlobalSection(ProjectConfigurationPlatforms) = postSolution
		{E347A91D-ED0E-4AFF-8980-EA75A4740A54}.Debug|Any CPU.ActiveCfg = Debug|Any CPU
		{E347A91D-ED0E-4AFF-8980-EA75A4740A54}.Debug|Any CPU.Build.0 = Debug|Any CPU
		{E347A91D-ED0E-4AFF-8980-EA75A4740A54}.Release|Any CPU.ActiveCfg = Release|Any CPU
		{E347A91D-ED0E-4AFF-8980-EA75A4740A54}.Release|Any CPU.Build.0 = Release|Any CPU
	EndGlobalSection
	GlobalSection(SolutionProperties) = preSolution
		HideSolutionNode = FALSE
	EndGlobalSection
	GlobalSection(ExtensibilityGlobals) = postSolution
		SolutionGuid = {5473DF18-6EC2-4D28-9CA3-47944C96FFFA}
	EndGlobalSection
EndGlobal
